
Microsoft Visual Studio Solution File, Format Version 12.00
# Visual Studio Version 16
VisualStudioVersion = 16.0.29009.5
MinimumVisualStudioVersion = 10.0.40219.1
Project("{FAE04EC0-301F-11D3-BF4B-00C04F79EFBC}") = "SobreCargados", "SobreCargados.csproj", "{3547ED93-DE5C-4A70-BE28-3D423D8AF693}"
EndProject
Global
	GlobalSection(SolutionConfigurationPlatforms) = preSolution
		Debug|Any CPU = Debug|Any CPU
		Release|Any CPU = Release|Any CPU
	EndGlobalSection
	GlobalSection(ProjectConfigurationPlatforms) = postSolution
		{3547ED93-DE5C-4A70-BE28-3D423D8AF693}.Debug|Any CPU.ActiveCfg = Debug|Any CPU
		{3547ED93-DE5C-4A70-BE28-3D423D8AF693}.Debug|Any CPU.Build.0 = Debug|Any CPU
		{3547ED93-DE5C-4A70-BE28-3D423D8AF693}.Release|Any CPU.ActiveCfg = Release|Any CPU
		{3547ED93-DE5C-4A70-BE28-3D423D8AF693}.Release|Any CPU.Build.0 = Release|Any CPU
	EndGlobalSection
	GlobalSection(SolutionProperties) = preSolution
		HideSolutionNode = FALSE
	EndGlobalSection
	GlobalSection(ExtensibilityGlobals) = postSolution
		SolutionGuid = {29883D7A-E7E9-463E-A549-E241B808A98C}
	EndGlobalSection
EndGlobal
